
Microsoft Visual Studio Solution File, Format Version 11.00
# Visual Studio 2010
# SharpDevelop 4.3
Project("{FAE04EC0-301F-11D3-BF4B-00C04F79EFBC}") = "CPUID", "CPUID.csproj", "{122DF07A-D09B-41B1-96A5-957EFC7FCD3E}"
EndProject
Global
	GlobalSection(SolutionConfigurationPlatforms) = preSolution
		Debug|Any CPU = Debug|Any CPU
		Release|Any CPU = Release|Any CPU
	EndGlobalSection
	GlobalSection(ProjectConfigurationPlatforms) = postSolution
		{122DF07A-D09B-41B1-96A5-957EFC7FCD3E}.Debug|Any CPU.Build.0 = Debug|Any CPU
		{122DF07A-D09B-41B1-96A5-957EFC7FCD3E}.Debug|Any CPU.ActiveCfg = Debug|Any CPU
		{122DF07A-D09B-41B1-96A5-957EFC7FCD3E}.Release|Any CPU.Build.0 = Release|Any CPU
		{122DF07A-D09B-41B1-96A5-957EFC7FCD3E}.Release|Any CPU.ActiveCfg = Release|Any CPU
	EndGlobalSection
EndGlobal
